// !$*UTF8*$!
{
	archiveVersion = 1;
	classes = {
	};
	objectVersion = 48;
	objects = {

/* Begin PBXBuildFile section */
		163CEA741FE964640040A0FA /* AppDelegate.swift in Sources */ = {isa = PBXBuildFile; fileRef = 163CEA731FE964640040A0FA /* AppDelegate.swift */; };
		163CEA791FE964640040A0FA /* Main.storyboard in Resources */ = {isa = PBXBuildFile; fileRef = 163CEA771FE964640040A0FA /* Main.storyboard */; };
		163CEA7B1FE964640040A0FA /* Assets.xcassets in Resources */ = {isa = PBXBuildFile; fileRef = 163CEA7A1FE964640040A0FA /* Assets.xcassets */; };
		163CEA7E1FE964640040A0FA /* LaunchScreen.storyboard in Resources */ = {isa = PBXBuildFile; fileRef = 163CEA7C1FE964640040A0FA /* LaunchScreen.storyboard */; };
		163CEA891FE964640040A0FA /* PortfolioTests.swift in Sources */ = {isa = PBXBuildFile; fileRef = 163CEA881FE964640040A0FA /* PortfolioTests.swift */; };
		163CEA941FE964640040A0FA /* PortfolioUITests.swift in Sources */ = {isa = PBXBuildFile; fileRef = 163CEA931FE964640040A0FA /* PortfolioUITests.swift */; };
		1678E9E81FE96D4000CBB5FF /* Truck.swift in Sources */ = {isa = PBXBuildFile; fileRef = 1678E9E11FE96D4000CBB5FF /* Truck.swift */; };
		1678E9E91FE96D4000CBB5FF /* VehiclesViewController.swift in Sources */ = {isa = PBXBuildFile; fileRef = 1678E9E21FE96D4000CBB5FF /* VehiclesViewController.swift */; };
		1678E9EA1FE96D4000CBB5FF /* Car.swift in Sources */ = {isa = PBXBuildFile; fileRef = 1678E9E31FE96D4000CBB5FF /* Car.swift */; };
		1678E9EB1FE96D4000CBB5FF /* Vehicle.swift in Sources */ = {isa = PBXBuildFile; fileRef = 1678E9E41FE96D4000CBB5FF /* Vehicle.swift */; };
		1678E9EC1FE96D4000CBB5FF /* CarsViewController.swift in Sources */ = {isa = PBXBuildFile; fileRef = 1678E9E51FE96D4000CBB5FF /* CarsViewController.swift */; };
		1678E9ED1FE96D4000CBB5FF /* TrucksViewController.swift in Sources */ = {isa = PBXBuildFile; fileRef = 1678E9E61FE96D4000CBB5FF /* TrucksViewController.swift */; };
		1678E9EE1FE96D4000CBB5FF /* VehiclesPageViewController.swift in Sources */ = {isa = PBXBuildFile; fileRef = 1678E9E71FE96D4000CBB5FF /* VehiclesPageViewController.swift */; };
		1678E9F11FE96D9D00CBB5FF /* Vehicles.storyboard in Resources */ = {isa = PBXBuildFile; fileRef = 1678E9EF1FE96D9D00CBB5FF /* Vehicles.storyboard */; };
		1678E9F61FE9739500CBB5FF /* PortfolioViewController.swift in Sources */ = {isa = PBXBuildFile; fileRef = 1678E9F51FE9739500CBB5FF /* PortfolioViewController.swift */; };
		1678E9F81FE9747300CBB5FF /* LabelTableViewCell.swift in Sources */ = {isa = PBXBuildFile; fileRef = 1678E9F71FE9747300CBB5FF /* LabelTableViewCell.swift */; };
		1678EA011FE999CA00CBB5FF /* Country.swift in Sources */ = {isa = PBXBuildFile; fileRef = 1678E9FC1FE999CA00CBB5FF /* Country.swift */; };
		1678EA021FE999CA00CBB5FF /* CustomPointAnnotation.swift in Sources */ = {isa = PBXBuildFile; fileRef = 1678E9FD1FE999CA00CBB5FF /* CustomPointAnnotation.swift */; };
		1678EA031FE999CA00CBB5FF /* CountriesViewController.swift in Sources */ = {isa = PBXBuildFile; fileRef = 1678E9FE1FE999CA00CBB5FF /* CountriesViewController.swift */; };
		1678EA041FE999CA00CBB5FF /* DistancesViewController.swift in Sources */ = {isa = PBXBuildFile; fileRef = 1678E9FF1FE999CA00CBB5FF /* DistancesViewController.swift */; };
		1678EA051FE999CA00CBB5FF /* DistanceTableViewCell.swift in Sources */ = {isa = PBXBuildFile; fileRef = 1678EA001FE999CA00CBB5FF /* DistanceTableViewCell.swift */; };
		1678EA0A1FE99A3E00CBB5FF /* Countries.storyboard in Resources */ = {isa = PBXBuildFile; fileRef = 1678EA081FE99A3E00CBB5FF /* Countries.storyboard */; };
		1678EA0C1FE99F3000CBB5FF /* Assets in Resources */ = {isa = PBXBuildFile; fileRef = 1678EA0B1FE99F2F00CBB5FF /* Assets */; };
		1678EA171FE9BE9E00CBB5FF /* HalloweenViewController.swift in Sources */ = {isa = PBXBuildFile; fileRef = 1678EA131FE9BE9E00CBB5FF /* HalloweenViewController.swift */; };
		1678EA181FE9BE9E00CBB5FF /* House.swift in Sources */ = {isa = PBXBuildFile; fileRef = 1678EA141FE9BE9E00CBB5FF /* House.swift */; };
		1678EA191FE9BE9E00CBB5FF /* HouseTableViewCell.swift in Sources */ = {isa = PBXBuildFile; fileRef = 1678EA151FE9BE9E00CBB5FF /* HouseTableViewCell.swift */; };
		1678EA1A1FE9BE9E00CBB5FF /* HouseTableViewController.swift in Sources */ = {isa = PBXBuildFile; fileRef = 1678EA161FE9BE9E00CBB5FF /* HouseTableViewController.swift */; };
		1678EA1F1FE9BF7300CBB5FF /* HappyHalloween.storyboard in Resources */ = {isa = PBXBuildFile; fileRef = 1678EA1D1FE9BF7300CBB5FF /* HappyHalloween.storyboard */; };
		16E2195B1FEAC99500DB550F /* Reports.storyboard in Resources */ = {isa = PBXBuildFile; fileRef = 16E219591FEAC99400DB550F /* Reports.storyboard */; };
		16E2195C1FEAC99500DB550F /* College.storyboard in Resources */ = {isa = PBXBuildFile; fileRef = 16E2195A1FEAC99500DB550F /* College.storyboard */; };
		16E219621FEAC9A100DB550F /* InstructorWeekdayClassesCell.swift in Sources */ = {isa = PBXBuildFile; fileRef = 16E2195D1FEAC9A000DB550F /* InstructorWeekdayClassesCell.swift */; };
		16E219631FEAC9A100DB550F /* ProgramStudentAverageCell.swift in Sources */ = {isa = PBXBuildFile; fileRef = 16E2195E1FEAC9A000DB550F /* ProgramStudentAverageCell.swift */; };
		16E219641FEAC9A100DB550F /* InstructorClassAverageCell.swift in Sources */ = {isa = PBXBuildFile; fileRef = 16E2195F1FEAC9A000DB550F /* InstructorClassAverageCell.swift */; };
		16E219651FEAC9A100DB550F /* CountryStudentsCell.swift in Sources */ = {isa = PBXBuildFile; fileRef = 16E219601FEAC9A000DB550F /* CountryStudentsCell.swift */; };
		16E219661FEAC9A100DB550F /* CoursesAverageGradeCell.swift in Sources */ = {isa = PBXBuildFile; fileRef = 16E219611FEAC9A100DB550F /* CoursesAverageGradeCell.swift */; };
		16E2196C1FEAC9B000DB550F /* ProgramStudentAverageTable.swift in Sources */ = {isa = PBXBuildFile; fileRef = 16E219671FEAC9B000DB550F /* ProgramStudentAverageTable.swift */; };
		16E2196D1FEAC9B000DB550F /* InstructorWeekdayClassesTable.swift in Sources */ = {isa = PBXBuildFile; fileRef = 16E219681FEAC9B000DB550F /* InstructorWeekdayClassesTable.swift */; };
		16E2196E1FEAC9B000DB550F /* CoursesAverageGradeTable.swift in Sources */ = {isa = PBXBuildFile; fileRef = 16E219691FEAC9B000DB550F /* CoursesAverageGradeTable.swift */; };
		16E2196F1FEAC9B000DB550F /* CountryStudentsTable.swift in Sources */ = {isa = PBXBuildFile; fileRef = 16E2196A1FEAC9B000DB550F /* CountryStudentsTable.swift */; };
		16E219701FEAC9B000DB550F /* InstructorClassAverageTable.swift in Sources */ = {isa = PBXBuildFile; fileRef = 16E2196B1FEAC9B000DB550F /* InstructorClassAverageTable.swift */; };
		16E219781FEAC9BB00DB550F /* InstructorViewController.swift in Sources */ = {isa = PBXBuildFile; fileRef = 16E219711FEAC9BA00DB550F /* InstructorViewController.swift */; };
		16E219791FEAC9BB00DB550F /* CourseViewController.swift in Sources */ = {isa = PBXBuildFile; fileRef = 16E219721FEAC9BA00DB550F /* CourseViewController.swift */; };
		16E2197A1FEAC9BB00DB550F /* ProgramViewController.swift in Sources */ = {isa = PBXBuildFile; fileRef = 16E219731FEAC9BA00DB550F /* ProgramViewController.swift */; };
		16E2197B1FEAC9BB00DB550F /* ReportsPageViewController.swift in Sources */ = {isa = PBXBuildFile; fileRef = 16E219741FEAC9BA00DB550F /* ReportsPageViewController.swift */; };
		16E2197C1FEAC9BB00DB550F /* StudentViewController.swift in Sources */ = {isa = PBXBuildFile; fileRef = 16E219751FEAC9BA00DB550F /* StudentViewController.swift */; };
		16E2197D1FEAC9BB00DB550F /* DepartmentViewController.swift in Sources */ = {isa = PBXBuildFile; fileRef = 16E219761FEAC9BA00DB550F /* DepartmentViewController.swift */; };
		16E2197E1FEAC9BB00DB550F /* CollegeViewController.swift in Sources */ = {isa = PBXBuildFile; fileRef = 16E219771FEAC9BB00DB550F /* CollegeViewController.swift */; };
		16E2198F1FEACA0000DB550F /* Classe.swift in Sources */ = {isa = PBXBuildFile; fileRef = 16E2197F1FEAC9FE00DB550F /* Classe.swift */; };
		16E219901FEACA0000DB550F /* Status.swift in Sources */ = {isa = PBXBuildFile; fileRef = 16E219801FEAC9FF00DB550F /* Status.swift */; };
		16E219911FEACA0000DB550F /* CountryEnum.swift in Sources */ = {isa = PBXBuildFile; fileRef = 16E219811FEAC9FF00DB550F /* CountryEnum.swift */; };
		16E219921FEACA0000DB550F /* Util.swift in Sources */ = {isa = PBXBuildFile; fileRef = 16E219821FEAC9FF00DB550F /* Util.swift */; };
		16E219931FEACA0000DB550F /* DepartmentEmployee.swift in Sources */ = {isa = PBXBuildFile; fileRef = 16E219831FEAC9FF00DB550F /* DepartmentEmployee.swift */; };
		16E219941FEACA0000DB550F /* StudentClass.swift in Sources */ = {isa = PBXBuildFile; fileRef = 16E219841FEAC9FF00DB550F /* StudentClass.swift */; };
		16E219951FEACA0000DB550F /* Employee.swift in Sources */ = {isa = PBXBuildFile; fileRef = 16E219851FEAC9FF00DB550F /* Employee.swift */; };
		16E219961FEACA0000DB550F /* Student.swift in Sources */ = {isa = PBXBuildFile; fileRef = 16E219861FEAC9FF00DB550F /* Student.swift */; };
		16E219971FEACA0000DB550F /* GradeAux.swift in Sources */ = {isa = PBXBuildFile; fileRef = 16E219871FEAC9FF00DB550F /* GradeAux.swift */; };
		16E219981FEACA0000DB550F /* CollegeReports.swift in Sources */ = {isa = PBXBuildFile; fileRef = 16E219881FEAC9FF00DB550F /* CollegeReports.swift */; };
		16E219991FEACA0000DB550F /* Course.swift in Sources */ = {isa = PBXBuildFile; fileRef = 16E219891FEAC9FF00DB550F /* Course.swift */; };
		16E2199A1FEACA0000DB550F /* College.swift in Sources */ = {isa = PBXBuildFile; fileRef = 16E2198A1FEAC9FF00DB550F /* College.swift */; };
		16E2199B1FEACA0000DB550F /* Department.swift in Sources */ = {isa = PBXBuildFile; fileRef = 16E2198B1FEAC9FF00DB550F /* Department.swift */; };
		16E2199C1FEACA0000DB550F /* Schedule.swift in Sources */ = {isa = PBXBuildFile; fileRef = 16E2198C1FEAC9FF00DB550F /* Schedule.swift */; };
		16E2199D1FEACA0000DB550F /* Function.swift in Sources */ = {isa = PBXBuildFile; fileRef = 16E2198D1FEACA0000DB550F /* Function.swift */; };
		16E2199E1FEACA0000DB550F /* Program.swift in Sources */ = {isa = PBXBuildFile; fileRef = 16E2198E1FEACA0000DB550F /* Program.swift */; };
/* End PBXBuildFile section */

/* Begin PBXContainerItemProxy section */
		163CEA851FE964640040A0FA /* PBXContainerItemProxy */ = {
			isa = PBXContainerItemProxy;
			containerPortal = 163CEA681FE964640040A0FA /* Project object */;
			proxyType = 1;
			remoteGlobalIDString = 163CEA6F1FE964640040A0FA;
			remoteInfo = Portfolio;
		};
		163CEA901FE964640040A0FA /* PBXContainerItemProxy */ = {
			isa = PBXContainerItemProxy;
			containerPortal = 163CEA681FE964640040A0FA /* Project object */;
			proxyType = 1;
			remoteGlobalIDString = 163CEA6F1FE964640040A0FA;
			remoteInfo = Portfolio;
		};
/* End PBXContainerItemProxy section */

/* Begin PBXFileReference section */
		163CEA701FE964640040A0FA /* Portfolio.app */ = {isa = PBXFileReference; explicitFileType = wrapper.application; includeInIndex = 0; path = Portfolio.app; sourceTree = BUILT_PRODUCTS_DIR; };
		163CEA731FE964640040A0FA /* AppDelegate.swift */ = {isa = PBXFileReference; lastKnownFileType = sourcecode.swift; path = AppDelegate.swift; sourceTree = "<group>"; };
		163CEA781FE964640040A0FA /* Base */ = {isa = PBXFileReference; lastKnownFileType = file.storyboard; name = Base; path = Base.lproj/Main.storyboard; sourceTree = "<group>"; };
		163CEA7A1FE964640040A0FA /* Assets.xcassets */ = {isa = PBXFileReference; lastKnownFileType = folder.assetcatalog; path = Assets.xcassets; sourceTree = "<group>"; };
		163CEA7D1FE964640040A0FA /* Base */ = {isa = PBXFileReference; lastKnownFileType = file.storyboard; name = Base; path = Base.lproj/LaunchScreen.storyboard; sourceTree = "<group>"; };
		163CEA7F1FE964640040A0FA /* Info.plist */ = {isa = PBXFileReference; lastKnownFileType = text.plist.xml; path = Info.plist; sourceTree = "<group>"; };
		163CEA841FE964640040A0FA /* PortfolioTests.xctest */ = {isa = PBXFileReference; explicitFileType = wrapper.cfbundle; includeInIndex = 0; path = PortfolioTests.xctest; sourceTree = BUILT_PRODUCTS_DIR; };
		163CEA881FE964640040A0FA /* PortfolioTests.swift */ = {isa = PBXFileReference; lastKnownFileType = sourcecode.swift; path = PortfolioTests.swift; sourceTree = "<group>"; };
		163CEA8A1FE964640040A0FA /* Info.plist */ = {isa = PBXFileReference; lastKnownFileType = text.plist.xml; path = Info.plist; sourceTree = "<group>"; };
		163CEA8F1FE964640040A0FA /* PortfolioUITests.xctest */ = {isa = PBXFileReference; explicitFileType = wrapper.cfbundle; includeInIndex = 0; path = PortfolioUITests.xctest; sourceTree = BUILT_PRODUCTS_DIR; };
		163CEA931FE964640040A0FA /* PortfolioUITests.swift */ = {isa = PBXFileReference; lastKnownFileType = sourcecode.swift; path = PortfolioUITests.swift; sourceTree = "<group>"; };
		163CEA951FE964640040A0FA /* Info.plist */ = {isa = PBXFileReference; lastKnownFileType = text.plist.xml; path = Info.plist; sourceTree = "<group>"; };
		1678E9E11FE96D4000CBB5FF /* Truck.swift */ = {isa = PBXFileReference; fileEncoding = 4; lastKnownFileType = sourcecode.swift; path = Truck.swift; sourceTree = "<group>"; };
		1678E9E21FE96D4000CBB5FF /* VehiclesViewController.swift */ = {isa = PBXFileReference; fileEncoding = 4; lastKnownFileType = sourcecode.swift; path = VehiclesViewController.swift; sourceTree = "<group>"; };
		1678E9E31FE96D4000CBB5FF /* Car.swift */ = {isa = PBXFileReference; fileEncoding = 4; lastKnownFileType = sourcecode.swift; path = Car.swift; sourceTree = "<group>"; };
		1678E9E41FE96D4000CBB5FF /* Vehicle.swift */ = {isa = PBXFileReference; fileEncoding = 4; lastKnownFileType = sourcecode.swift; path = Vehicle.swift; sourceTree = "<group>"; };
		1678E9E51FE96D4000CBB5FF /* CarsViewController.swift */ = {isa = PBXFileReference; fileEncoding = 4; lastKnownFileType = sourcecode.swift; path = CarsViewController.swift; sourceTree = "<group>"; };
		1678E9E61FE96D4000CBB5FF /* TrucksViewController.swift */ = {isa = PBXFileReference; fileEncoding = 4; lastKnownFileType = sourcecode.swift; path = TrucksViewController.swift; sourceTree = "<group>"; };
		1678E9E71FE96D4000CBB5FF /* VehiclesPageViewController.swift */ = {isa = PBXFileReference; fileEncoding = 4; lastKnownFileType = sourcecode.swift; path = VehiclesPageViewController.swift; sourceTree = "<group>"; };
		1678E9F01FE96D9D00CBB5FF /* Base */ = {isa = PBXFileReference; lastKnownFileType = file.storyboard; name = Base; path = Base.lproj/Vehicles.storyboard; sourceTree = "<group>"; };
		1678E9F51FE9739500CBB5FF /* PortfolioViewController.swift */ = {isa = PBXFileReference; lastKnownFileType = sourcecode.swift; path = PortfolioViewController.swift; sourceTree = "<group>"; };
		1678E9F71FE9747300CBB5FF /* LabelTableViewCell.swift */ = {isa = PBXFileReference; lastKnownFileType = sourcecode.swift; path = LabelTableViewCell.swift; sourceTree = "<group>"; };
		1678E9FC1FE999CA00CBB5FF /* Country.swift */ = {isa = PBXFileReference; fileEncoding = 4; lastKnownFileType = sourcecode.swift; path = Country.swift; sourceTree = "<group>"; };
		1678E9FD1FE999CA00CBB5FF /* CustomPointAnnotation.swift */ = {isa = PBXFileReference; fileEncoding = 4; lastKnownFileType = sourcecode.swift; path = CustomPointAnnotation.swift; sourceTree = "<group>"; };
		1678E9FE1FE999CA00CBB5FF /* CountriesViewController.swift */ = {isa = PBXFileReference; fileEncoding = 4; lastKnownFileType = sourcecode.swift; path = CountriesViewController.swift; sourceTree = "<group>"; };
		1678E9FF1FE999CA00CBB5FF /* DistancesViewController.swift */ = {isa = PBXFileReference; fileEncoding = 4; lastKnownFileType = sourcecode.swift; path = DistancesViewController.swift; sourceTree = "<group>"; };
		1678EA001FE999CA00CBB5FF /* DistanceTableViewCell.swift */ = {isa = PBXFileReference; fileEncoding = 4; lastKnownFileType = sourcecode.swift; path = DistanceTableViewCell.swift; sourceTree = "<group>"; };
		1678EA091FE99A3E00CBB5FF /* Base */ = {isa = PBXFileReference; lastKnownFileType = file.storyboard; name = Base; path = Base.lproj/Countries.storyboard; sourceTree = "<group>"; };
		1678EA0B1FE99F2F00CBB5FF /* Assets */ = {isa = PBXFileReference; lastKnownFileType = folder; path = Assets; sourceTree = "<group>"; };
		1678EA131FE9BE9E00CBB5FF /* HalloweenViewController.swift */ = {isa = PBXFileReference; fileEncoding = 4; lastKnownFileType = sourcecode.swift; path = HalloweenViewController.swift; sourceTree = "<group>"; };
		1678EA141FE9BE9E00CBB5FF /* House.swift */ = {isa = PBXFileReference; fileEncoding = 4; lastKnownFileType = sourcecode.swift; path = House.swift; sourceTree = "<group>"; };
		1678EA151FE9BE9E00CBB5FF /* HouseTableViewCell.swift */ = {isa = PBXFileReference; fileEncoding = 4; lastKnownFileType = sourcecode.swift; path = HouseTableViewCell.swift; sourceTree = "<group>"; };
		1678EA161FE9BE9E00CBB5FF /* HouseTableViewController.swift */ = {isa = PBXFileReference; fileEncoding = 4; lastKnownFileType = sourcecode.swift; path = HouseTableViewController.swift; sourceTree = "<group>"; };
		1678EA1E1FE9BF7300CBB5FF /* Base */ = {isa = PBXFileReference; lastKnownFileType = file.storyboard; name = Base; path = Base.lproj/HappyHalloween.storyboard; sourceTree = "<group>"; };
		16E219591FEAC99400DB550F /* Reports.storyboard */ = {isa = PBXFileReference; fileEncoding = 4; lastKnownFileType = file.storyboard; path = Reports.storyboard; sourceTree = "<group>"; };
		16E2195A1FEAC99500DB550F /* College.storyboard */ = {isa = PBXFileReference; fileEncoding = 4; lastKnownFileType = file.storyboard; path = College.storyboard; sourceTree = "<group>"; };
		16E2195D1FEAC9A000DB550F /* InstructorWeekdayClassesCell.swift */ = {isa = PBXFileReference; fileEncoding = 4; lastKnownFileType = sourcecode.swift; path = InstructorWeekdayClassesCell.swift; sourceTree = "<group>"; };
		16E2195E1FEAC9A000DB550F /* ProgramStudentAverageCell.swift */ = {isa = PBXFileReference; fileEncoding = 4; lastKnownFileType = sourcecode.swift; path = ProgramStudentAverageCell.swift; sourceTree = "<group>"; };
		16E2195F1FEAC9A000DB550F /* InstructorClassAverageCell.swift */ = {isa = PBXFileReference; fileEncoding = 4; lastKnownFileType = sourcecode.swift; path = InstructorClassAverageCell.swift; sourceTree = "<group>"; };
		16E219601FEAC9A000DB550F /* CountryStudentsCell.swift */ = {isa = PBXFileReference; fileEncoding = 4; lastKnownFileType = sourcecode.swift; path = CountryStudentsCell.swift; sourceTree = "<group>"; };
		16E219611FEAC9A100DB550F /* CoursesAverageGradeCell.swift */ = {isa = PBXFileReference; fileEncoding = 4; lastKnownFileType = sourcecode.swift; path = CoursesAverageGradeCell.swift; sourceTree = "<group>"; };
		16E219671FEAC9B000DB550F /* ProgramStudentAverageTable.swift */ = {isa = PBXFileReference; fileEncoding = 4; lastKnownFileType = sourcecode.swift; path = ProgramStudentAverageTable.swift; sourceTree = "<group>"; };
		16E219681FEAC9B000DB550F /* InstructorWeekdayClassesTable.swift */ = {isa = PBXFileReference; fileEncoding = 4; lastKnownFileType = sourcecode.swift; path = InstructorWeekdayClassesTable.swift; sourceTree = "<group>"; };
		16E219691FEAC9B000DB550F /* CoursesAverageGradeTable.swift */ = {isa = PBXFileReference; fileEncoding = 4; lastKnownFileType = sourcecode.swift; path = CoursesAverageGradeTable.swift; sourceTree = "<group>"; };
		16E2196A1FEAC9B000DB550F /* CountryStudentsTable.swift */ = {isa = PBXFileReference; fileEncoding = 4; lastKnownFileType = sourcecode.swift; path = CountryStudentsTable.swift; sourceTree = "<group>"; };
		16E2196B1FEAC9B000DB550F /* InstructorClassAverageTable.swift */ = {isa = PBXFileReference; fileEncoding = 4; lastKnownFileType = sourcecode.swift; path = InstructorClassAverageTable.swift; sourceTree = "<group>"; };
		16E219711FEAC9BA00DB550F /* InstructorViewController.swift */ = {isa = PBXFileReference; fileEncoding = 4; lastKnownFileType = sourcecode.swift; path = InstructorViewController.swift; sourceTree = "<group>"; };
		16E219721FEAC9BA00DB550F /* CourseViewController.swift */ = {isa = PBXFileReference; fileEncoding = 4; lastKnownFileType = sourcecode.swift; path = CourseViewController.swift; sourceTree = "<group>"; };
		16E219731FEAC9BA00DB550F /* ProgramViewController.swift */ = {isa = PBXFileReference; fileEncoding = 4; lastKnownFileType = sourcecode.swift; path = ProgramViewController.swift; sourceTree = "<group>"; };
		16E219741FEAC9BA00DB550F /* ReportsPageViewController.swift */ = {isa = PBXFileReference; fileEncoding = 4; lastKnownFileType = sourcecode.swift; path = ReportsPageViewController.swift; sourceTree = "<group>"; };
		16E219751FEAC9BA00DB550F /* StudentViewController.swift */ = {isa = PBXFileReference; fileEncoding = 4; lastKnownFileType = sourcecode.swift; path = StudentViewController.swift; sourceTree = "<group>"; };
		16E219761FEAC9BA00DB550F /* DepartmentViewController.swift */ = {isa = PBXFileReference; fileEncoding = 4; lastKnownFileType = sourcecode.swift; path = DepartmentViewController.swift; sourceTree = "<group>"; };
		16E219771FEAC9BB00DB550F /* CollegeViewController.swift */ = {isa = PBXFileReference; fileEncoding = 4; lastKnownFileType = sourcecode.swift; path = CollegeViewController.swift; sourceTree = "<group>"; };
		16E2197F1FEAC9FE00DB550F /* Classe.swift */ = {isa = PBXFileReference; fileEncoding = 4; lastKnownFileType = sourcecode.swift; path = Classe.swift; sourceTree = "<group>"; };
		16E219801FEAC9FF00DB550F /* Status.swift */ = {isa = PBXFileReference; fileEncoding = 4; lastKnownFileType = sourcecode.swift; path = Status.swift; sourceTree = "<group>"; };
		16E219811FEAC9FF00DB550F /* CountryEnum.swift */ = {isa = PBXFileReference; fileEncoding = 4; lastKnownFileType = sourcecode.swift; path = CountryEnum.swift; sourceTree = "<group>"; };
		16E219821FEAC9FF00DB550F /* Util.swift */ = {isa = PBXFileReference; fileEncoding = 4; lastKnownFileType = sourcecode.swift; path = Util.swift; sourceTree = "<group>"; };
		16E219831FEAC9FF00DB550F /* DepartmentEmployee.swift */ = {isa = PBXFileReference; fileEncoding = 4; lastKnownFileType = sourcecode.swift; path = DepartmentEmployee.swift; sourceTree = "<group>"; };
		16E219841FEAC9FF00DB550F /* StudentClass.swift */ = {isa = PBXFileReference; fileEncoding = 4; lastKnownFileType = sourcecode.swift; path = StudentClass.swift; sourceTree = "<group>"; };
		16E219851FEAC9FF00DB550F /* Employee.swift */ = {isa = PBXFileReference; fileEncoding = 4; lastKnownFileType = sourcecode.swift; path = Employee.swift; sourceTree = "<group>"; };
		16E219861FEAC9FF00DB550F /* Student.swift */ = {isa = PBXFileReference; fileEncoding = 4; lastKnownFileType = sourcecode.swift; path = Student.swift; sourceTree = "<group>"; };
		16E219871FEAC9FF00DB550F /* GradeAux.swift */ = {isa = PBXFileReference; fileEncoding = 4; lastKnownFileType = sourcecode.swift; path = GradeAux.swift; sourceTree = "<group>"; };
		16E219881FEAC9FF00DB550F /* CollegeReports.swift */ = {isa = PBXFileReference; fileEncoding = 4; lastKnownFileType = sourcecode.swift; path = CollegeReports.swift; sourceTree = "<group>"; };
		16E219891FEAC9FF00DB550F /* Course.swift */ = {isa = PBXFileReference; fileEncoding = 4; lastKnownFileType = sourcecode.swift; path = Course.swift; sourceTree = "<group>"; };
		16E2198A1FEAC9FF00DB550F /* College.swift */ = {isa = PBXFileReference; fileEncoding = 4; lastKnownFileType = sourcecode.swift; path = College.swift; sourceTree = "<group>"; };
		16E2198B1FEAC9FF00DB550F /* Department.swift */ = {isa = PBXFileReference; fileEncoding = 4; lastKnownFileType = sourcecode.swift; path = Department.swift; sourceTree = "<group>"; };
		16E2198C1FEAC9FF00DB550F /* Schedule.swift */ = {isa = PBXFileReference; fileEncoding = 4; lastKnownFileType = sourcecode.swift; path = Schedule.swift; sourceTree = "<group>"; };
		16E2198D1FEACA0000DB550F /* Function.swift */ = {isa = PBXFileReference; fileEncoding = 4; lastKnownFileType = sourcecode.swift; path = Function.swift; sourceTree = "<group>"; };
		16E2198E1FEACA0000DB550F /* Program.swift */ = {isa = PBXFileReference; fileEncoding = 4; lastKnownFileType = sourcecode.swift; path = Program.swift; sourceTree = "<group>"; };
/* End PBXFileReference section */

/* Begin PBXFrameworksBuildPhase section */
		163CEA6D1FE964640040A0FA /* Frameworks */ = {
			isa = PBXFrameworksBuildPhase;
			buildActionMask = 2147483647;
			files = (
			);
			runOnlyForDeploymentPostprocessing = 0;
		};
		163CEA811FE964640040A0FA /* Frameworks */ = {
			isa = PBXFrameworksBuildPhase;
			buildActionMask = 2147483647;
			files = (
			);
			runOnlyForDeploymentPostprocessing = 0;
		};
		163CEA8C1FE964640040A0FA /* Frameworks */ = {
			isa = PBXFrameworksBuildPhase;
			buildActionMask = 2147483647;
			files = (
			);
			runOnlyForDeploymentPostprocessing = 0;
		};
/* End PBXFrameworksBuildPhase section */

/* Begin PBXGroup section */
		163CEA671FE964640040A0FA = {
			isa = PBXGroup;
			children = (
				163CEA721FE964640040A0FA /* Portfolio */,
				163CEA871FE964640040A0FA /* PortfolioTests */,
				163CEA921FE964640040A0FA /* PortfolioUITests */,
				163CEA711FE964640040A0FA /* Products */,
			);
			sourceTree = "<group>";
		};
		163CEA711FE964640040A0FA /* Products */ = {
			isa = PBXGroup;
			children = (
				163CEA701FE964640040A0FA /* Portfolio.app */,
				163CEA841FE964640040A0FA /* PortfolioTests.xctest */,
				163CEA8F1FE964640040A0FA /* PortfolioUITests.xctest */,
			);
			name = Products;
			sourceTree = "<group>";
		};
		163CEA721FE964640040A0FA /* Portfolio */ = {
			isa = PBXGroup;
			children = (
				16E219541FEAC91E00DB550F /* CollegeSystem */,
				16E219531FEAC91900DB550F /* New Group */,
				1678EA101FE9BE6100CBB5FF /* HappyHalloween */,
				1678E9FB1FE9800100CBB5FF /* CountriesAndNeighbours */,
				1678E9E01FE96B5E00CBB5FF /* ProjectVehicles */,
				1678E9F41FE9729300CBB5FF /* ViewController */,
				163CEA771FE964640040A0FA /* Main.storyboard */,
				163CEA7A1FE964640040A0FA /* Assets.xcassets */,
				163CEA7C1FE964640040A0FA /* LaunchScreen.storyboard */,
				163CEA7F1FE964640040A0FA /* Info.plist */,
				163CEA731FE964640040A0FA /* AppDelegate.swift */,
			);
			path = Portfolio;
			sourceTree = "<group>";
		};
		163CEA871FE964640040A0FA /* PortfolioTests */ = {
			isa = PBXGroup;
			children = (
				163CEA881FE964640040A0FA /* PortfolioTests.swift */,
				163CEA8A1FE964640040A0FA /* Info.plist */,
			);
			path = PortfolioTests;
			sourceTree = "<group>";
		};
		163CEA921FE964640040A0FA /* PortfolioUITests */ = {
			isa = PBXGroup;
			children = (
				163CEA931FE964640040A0FA /* PortfolioUITests.swift */,
				163CEA951FE964640040A0FA /* Info.plist */,
			);
			path = PortfolioUITests;
			sourceTree = "<group>";
		};
		1678E9E01FE96B5E00CBB5FF /* ProjectVehicles */ = {
			isa = PBXGroup;
			children = (
				1678E9EF1FE96D9D00CBB5FF /* Vehicles.storyboard */,
				1678E9F31FE9726D00CBB5FF /* ViewController */,
				1678E9F21FE9724100CBB5FF /* Model */,
			);
			path = ProjectVehicles;
			sourceTree = "<group>";
		};
		1678E9F21FE9724100CBB5FF /* Model */ = {
			isa = PBXGroup;
			children = (
				1678E9E41FE96D4000CBB5FF /* Vehicle.swift */,
				1678E9E31FE96D4000CBB5FF /* Car.swift */,
				1678E9E11FE96D4000CBB5FF /* Truck.swift */,
			);
			path = Model;
			sourceTree = "<group>";
		};
		1678E9F31FE9726D00CBB5FF /* ViewController */ = {
			isa = PBXGroup;
			children = (
				1678E9E21FE96D4000CBB5FF /* VehiclesViewController.swift */,
				1678E9E71FE96D4000CBB5FF /* VehiclesPageViewController.swift */,
				1678E9E51FE96D4000CBB5FF /* CarsViewController.swift */,
				1678E9E61FE96D4000CBB5FF /* TrucksViewController.swift */,
			);
			path = ViewController;
			sourceTree = "<group>";
		};
		1678E9F41FE9729300CBB5FF /* ViewController */ = {
			isa = PBXGroup;
			children = (
				1678E9F51FE9739500CBB5FF /* PortfolioViewController.swift */,
				1678E9F71FE9747300CBB5FF /* LabelTableViewCell.swift */,
			);
			path = ViewController;
			sourceTree = "<group>";
		};
		1678E9FB1FE9800100CBB5FF /* CountriesAndNeighbours */ = {
			isa = PBXGroup;
			children = (
				1678EA0B1FE99F2F00CBB5FF /* Assets */,
				1678EA081FE99A3E00CBB5FF /* Countries.storyboard */,
				1678EA071FE999E500CBB5FF /* ViewController */,
				1678EA061FE999CF00CBB5FF /* Model */,
			);
			path = CountriesAndNeighbours;
			sourceTree = "<group>";
		};
		1678EA061FE999CF00CBB5FF /* Model */ = {
			isa = PBXGroup;
			children = (
				1678E9FC1FE999CA00CBB5FF /* Country.swift */,
			);
			path = Model;
			sourceTree = "<group>";
		};
		1678EA071FE999E500CBB5FF /* ViewController */ = {
			isa = PBXGroup;
			children = (
				1678E9FE1FE999CA00CBB5FF /* CountriesViewController.swift */,
				1678E9FF1FE999CA00CBB5FF /* DistancesViewController.swift */,
				1678EA001FE999CA00CBB5FF /* DistanceTableViewCell.swift */,
				1678E9FD1FE999CA00CBB5FF /* CustomPointAnnotation.swift */,
			);
			path = ViewController;
			sourceTree = "<group>";
		};
		1678EA101FE9BE6100CBB5FF /* HappyHalloween */ = {
			isa = PBXGroup;
			children = (
				1678EA1D1FE9BF7300CBB5FF /* HappyHalloween.storyboard */,
				1678EA1C1FE9BEAB00CBB5FF /* ViewController */,
				1678EA1B1FE9BEA300CBB5FF /* Model */,
			);
			path = HappyHalloween;
			sourceTree = "<group>";
		};
		1678EA1B1FE9BEA300CBB5FF /* Model */ = {
			isa = PBXGroup;
			children = (
				1678EA141FE9BE9E00CBB5FF /* House.swift */,
			);
			path = Model;
			sourceTree = "<group>";
		};
		1678EA1C1FE9BEAB00CBB5FF /* ViewController */ = {
			isa = PBXGroup;
			children = (
				1678EA131FE9BE9E00CBB5FF /* HalloweenViewController.swift */,
				1678EA161FE9BE9E00CBB5FF /* HouseTableViewController.swift */,
				1678EA151FE9BE9E00CBB5FF /* HouseTableViewCell.swift */,
			);
			path = ViewController;
			sourceTree = "<group>";
		};
		16E219531FEAC91900DB550F /* New Group */ = {
			isa = PBXGroup;
			children = (
			);
			path = "New Group";
			sourceTree = "<group>";
		};
		16E219541FEAC91E00DB550F /* CollegeSystem */ = {
			isa = PBXGroup;
			children = (
				16E2195A1FEAC99500DB550F /* College.storyboard */,
				16E219591FEAC99400DB550F /* Reports.storyboard */,
				16E219561FEAC92D00DB550F /* ViewController */,
				16E219551FEAC92700DB550F /* College */,
			);
			path = CollegeSystem;
			sourceTree = "<group>";
		};
		16E219551FEAC92700DB550F /* College */ = {
			isa = PBXGroup;
			children = (
				16E2197F1FEAC9FE00DB550F /* Classe.swift */,
				16E2198A1FEAC9FF00DB550F /* College.swift */,
				16E219881FEAC9FF00DB550F /* CollegeReports.swift */,
				16E219811FEAC9FF00DB550F /* CountryEnum.swift */,
				16E219891FEAC9FF00DB550F /* Course.swift */,
				16E2198B1FEAC9FF00DB550F /* Department.swift */,
				16E219831FEAC9FF00DB550F /* DepartmentEmployee.swift */,
				16E219851FEAC9FF00DB550F /* Employee.swift */,
				16E2198D1FEACA0000DB550F /* Function.swift */,
				16E219871FEAC9FF00DB550F /* GradeAux.swift */,
				16E2198E1FEACA0000DB550F /* Program.swift */,
				16E2198C1FEAC9FF00DB550F /* Schedule.swift */,
				16E219801FEAC9FF00DB550F /* Status.swift */,
				16E219861FEAC9FF00DB550F /* Student.swift */,
				16E219841FEAC9FF00DB550F /* StudentClass.swift */,
				16E219821FEAC9FF00DB550F /* Util.swift */,
			);
			path = College;
			sourceTree = "<group>";
		};
		16E219561FEAC92D00DB550F /* ViewController */ = {
			isa = PBXGroup;
			children = (
				16E219771FEAC9BB00DB550F /* CollegeViewController.swift */,
				16E219721FEAC9BA00DB550F /* CourseViewController.swift */,
				16E219761FEAC9BA00DB550F /* DepartmentViewController.swift */,
				16E219711FEAC9BA00DB550F /* InstructorViewController.swift */,
				16E219731FEAC9BA00DB550F /* ProgramViewController.swift */,
				16E219741FEAC9BA00DB550F /* ReportsPageViewController.swift */,
				16E219751FEAC9BA00DB550F /* StudentViewController.swift */,
				16E219571FEAC93500DB550F /* TableController */,
			);
			path = ViewController;
			sourceTree = "<group>";
		};
		16E219571FEAC93500DB550F /* TableController */ = {
			isa = PBXGroup;
			children = (
				16E2196A1FEAC9B000DB550F /* CountryStudentsTable.swift */,
				16E219691FEAC9B000DB550F /* CoursesAverageGradeTable.swift */,
				16E2196B1FEAC9B000DB550F /* InstructorClassAverageTable.swift */,
				16E219681FEAC9B000DB550F /* InstructorWeekdayClassesTable.swift */,
				16E219671FEAC9B000DB550F /* ProgramStudentAverageTable.swift */,
				16E219581FEAC93D00DB550F /* TableCell */,
			);
			path = TableController;
			sourceTree = "<group>";
		};
		16E219581FEAC93D00DB550F /* TableCell */ = {
			isa = PBXGroup;
			children = (
				16E219601FEAC9A000DB550F /* CountryStudentsCell.swift */,
				16E219611FEAC9A100DB550F /* CoursesAverageGradeCell.swift */,
				16E2195F1FEAC9A000DB550F /* InstructorClassAverageCell.swift */,
				16E2195D1FEAC9A000DB550F /* InstructorWeekdayClassesCell.swift */,
				16E2195E1FEAC9A000DB550F /* ProgramStudentAverageCell.swift */,
			);
			path = TableCell;
			sourceTree = "<group>";
		};
/* End PBXGroup section */

/* Begin PBXNativeTarget section */
		163CEA6F1FE964640040A0FA /* Portfolio */ = {
			isa = PBXNativeTarget;
			buildConfigurationList = 163CEA981FE964640040A0FA /* Build configuration list for PBXNativeTarget "Portfolio" */;
			buildPhases = (
				163CEA6C1FE964640040A0FA /* Sources */,
				163CEA6D1FE964640040A0FA /* Frameworks */,
				163CEA6E1FE964640040A0FA /* Resources */,
			);
			buildRules = (
			);
			dependencies = (
			);
			name = Portfolio;
			productName = Portfolio;
			productReference = 163CEA701FE964640040A0FA /* Portfolio.app */;
			productType = "com.apple.product-type.application";
		};
		163CEA831FE964640040A0FA /* PortfolioTests */ = {
			isa = PBXNativeTarget;
			buildConfigurationList = 163CEA9B1FE964640040A0FA /* Build configuration list for PBXNativeTarget "PortfolioTests" */;
			buildPhases = (
				163CEA801FE964640040A0FA /* Sources */,
				163CEA811FE964640040A0FA /* Frameworks */,
				163CEA821FE964640040A0FA /* Resources */,
			);
			buildRules = (
			);
			dependencies = (
				163CEA861FE964640040A0FA /* PBXTargetDependency */,
			);
			name = PortfolioTests;
			productName = PortfolioTests;
			productReference = 163CEA841FE964640040A0FA /* PortfolioTests.xctest */;
			productType = "com.apple.product-type.bundle.unit-test";
		};
		163CEA8E1FE964640040A0FA /* PortfolioUITests */ = {
			isa = PBXNativeTarget;
			buildConfigurationList = 163CEA9E1FE964640040A0FA /* Build configuration list for PBXNativeTarget "PortfolioUITests" */;
			buildPhases = (
				163CEA8B1FE964640040A0FA /* Sources */,
				163CEA8C1FE964640040A0FA /* Frameworks */,
				163CEA8D1FE964640040A0FA /* Resources */,
			);
			buildRules = (
			);
			dependencies = (
				163CEA911FE964640040A0FA /* PBXTargetDependency */,
			);
			name = PortfolioUITests;
			productName = PortfolioUITests;
			productReference = 163CEA8F1FE964640040A0FA /* PortfolioUITests.xctest */;
			productType = "com.apple.product-type.bundle.ui-testing";
		};
/* End PBXNativeTarget section */

/* Begin PBXProject section */
		163CEA681FE964640040A0FA /* Project object */ = {
			isa = PBXProject;
			attributes = {
				LastSwiftUpdateCheck = 0920;
				LastUpgradeCheck = 0920;
				ORGANIZATIONNAME = "Araceli Teixeira";
				TargetAttributes = {
					163CEA6F1FE964640040A0FA = {
						CreatedOnToolsVersion = 9.2;
						ProvisioningStyle = Automatic;
					};
					163CEA831FE964640040A0FA = {
						CreatedOnToolsVersion = 9.2;
						ProvisioningStyle = Automatic;
						TestTargetID = 163CEA6F1FE964640040A0FA;
					};
					163CEA8E1FE964640040A0FA = {
						CreatedOnToolsVersion = 9.2;
						ProvisioningStyle = Automatic;
						TestTargetID = 163CEA6F1FE964640040A0FA;
					};
				};
			};
			buildConfigurationList = 163CEA6B1FE964640040A0FA /* Build configuration list for PBXProject "Portfolio" */;
			compatibilityVersion = "Xcode 8.0";
			developmentRegion = en;
			hasScannedForEncodings = 0;
			knownRegions = (
				en,
				Base,
			);
			mainGroup = 163CEA671FE964640040A0FA;
			productRefGroup = 163CEA711FE964640040A0FA /* Products */;
			projectDirPath = "";
			projectRoot = "";
			targets = (
				163CEA6F1FE964640040A0FA /* Portfolio */,
				163CEA831FE964640040A0FA /* PortfolioTests */,
				163CEA8E1FE964640040A0FA /* PortfolioUITests */,
			);
		};
/* End PBXProject section */

/* Begin PBXResourcesBuildPhase section */
		163CEA6E1FE964640040A0FA /* Resources */ = {
			isa = PBXResourcesBuildPhase;
			buildActionMask = 2147483647;
			files = (
				16E2195B1FEAC99500DB550F /* Reports.storyboard in Resources */,
				163CEA7E1FE964640040A0FA /* LaunchScreen.storyboard in Resources */,
				1678EA0C1FE99F3000CBB5FF /* Assets in Resources */,
				1678E9F11FE96D9D00CBB5FF /* Vehicles.storyboard in Resources */,
				163CEA7B1FE964640040A0FA /* Assets.xcassets in Resources */,
				1678EA0A1FE99A3E00CBB5FF /* Countries.storyboard in Resources */,
				1678EA1F1FE9BF7300CBB5FF /* HappyHalloween.storyboard in Resources */,
				163CEA791FE964640040A0FA /* Main.storyboard in Resources */,
				16E2195C1FEAC99500DB550F /* College.storyboard in Resources */,
			);
			runOnlyForDeploymentPostprocessing = 0;
		};
		163CEA821FE964640040A0FA /* Resources */ = {
			isa = PBXResourcesBuildPhase;
			buildActionMask = 2147483647;
			files = (
			);
			runOnlyForDeploymentPostprocessing = 0;
		};
		163CEA8D1FE964640040A0FA /* Resources */ = {
			isa = PBXResourcesBuildPhase;
			buildActionMask = 2147483647;
			files = (
			);
			runOnlyForDeploymentPostprocessing = 0;
		};
/* End PBXResourcesBuildPhase section */

/* Begin PBXSourcesBuildPhase section */
		163CEA6C1FE964640040A0FA /* Sources */ = {
			isa = PBXSourcesBuildPhase;
			buildActionMask = 2147483647;
			files = (
				1678E9ED1FE96D4000CBB5FF /* TrucksViewController.swift in Sources */,
				16E2196E1FEAC9B000DB550F /* CoursesAverageGradeTable.swift in Sources */,
				16E2197C1FEAC9BB00DB550F /* StudentViewController.swift in Sources */,
				16E219961FEACA0000DB550F /* Student.swift in Sources */,
				1678EA1A1FE9BE9E00CBB5FF /* HouseTableViewController.swift in Sources */,
				16E2199B1FEACA0000DB550F /* Department.swift in Sources */,
				16E219911FEACA0000DB550F /* CountryEnum.swift in Sources */,
				16E2197E1FEAC9BB00DB550F /* CollegeViewController.swift in Sources */,
				1678EA181FE9BE9E00CBB5FF /* House.swift in Sources */,
				1678E9F61FE9739500CBB5FF /* PortfolioViewController.swift in Sources */,
				16E219991FEACA0000DB550F /* Course.swift in Sources */,
				16E219951FEACA0000DB550F /* Employee.swift in Sources */,
				16E219651FEAC9A100DB550F /* CountryStudentsCell.swift in Sources */,
				16E219971FEACA0000DB550F /* GradeAux.swift in Sources */,
				16E219631FEAC9A100DB550F /* ProgramStudentAverageCell.swift in Sources */,
				16E2196F1FEAC9B000DB550F /* CountryStudentsTable.swift in Sources */,
				16E2198F1FEACA0000DB550F /* Classe.swift in Sources */,
				1678E9EB1FE96D4000CBB5FF /* Vehicle.swift in Sources */,
				1678EA191FE9BE9E00CBB5FF /* HouseTableViewCell.swift in Sources */,
				16E219621FEAC9A100DB550F /* InstructorWeekdayClassesCell.swift in Sources */,
				16E219781FEAC9BB00DB550F /* InstructorViewController.swift in Sources */,
				1678EA041FE999CA00CBB5FF /* DistancesViewController.swift in Sources */,
				16E2197A1FEAC9BB00DB550F /* ProgramViewController.swift in Sources */,
				16E219901FEACA0000DB550F /* Status.swift in Sources */,
				16E2196C1FEAC9B000DB550F /* ProgramStudentAverageTable.swift in Sources */,
				16E219661FEAC9A100DB550F /* CoursesAverageGradeCell.swift in Sources */,
				16E219791FEAC9BB00DB550F /* CourseViewController.swift in Sources */,
				16E2197B1FEAC9BB00DB550F /* ReportsPageViewController.swift in Sources */,
				1678E9EE1FE96D4000CBB5FF /* VehiclesPageViewController.swift in Sources */,
				16E219641FEAC9A100DB550F /* InstructorClassAverageCell.swift in Sources */,
				1678EA031FE999CA00CBB5FF /* CountriesViewController.swift in Sources */,
				16E2196D1FEAC9B000DB550F /* InstructorWeekdayClassesTable.swift in Sources */,
				16E219921FEACA0000DB550F /* Util.swift in Sources */,
				1678EA171FE9BE9E00CBB5FF /* HalloweenViewController.swift in Sources */,
				1678E9E91FE96D4000CBB5FF /* VehiclesViewController.swift in Sources */,
				16E2197D1FEAC9BB00DB550F /* DepartmentViewController.swift in Sources */,
				16E2199E1FEACA0000DB550F /* Program.swift in Sources */,
				16E2199A1FEACA0000DB550F /* College.swift in Sources */,
				16E219701FEAC9B000DB550F /* InstructorClassAverageTable.swift in Sources */,
				16E2199C1FEACA0000DB550F /* Schedule.swift in Sources */,
				16E219981FEACA0000DB550F /* CollegeReports.swift in Sources */,
				16E219941FEACA0000DB550F /* StudentClass.swift in Sources */,
				1678EA051FE999CA00CBB5FF /* DistanceTableViewCell.swift in Sources */,
				1678E9EA1FE96D4000CBB5FF /* Car.swift in Sources */,
				1678E9F81FE9747300CBB5FF /* LabelTableViewCell.swift in Sources */,
				1678EA011FE999CA00CBB5FF /* Country.swift in Sources */,
				16E2199D1FEACA0000DB550F /* Function.swift in Sources */,
				163CEA741FE964640040A0FA /* AppDelegate.swift in Sources */,
				1678E9E81FE96D4000CBB5FF /* Truck.swift in Sources */,
				1678EA021FE999CA00CBB5FF /* CustomPointAnnotation.swift in Sources */,
				16E219931FEACA0000DB550F /* DepartmentEmployee.swift in Sources */,
				1678E9EC1FE96D4000CBB5FF /* CarsViewController.swift in Sources */,
			);
			runOnlyForDeploymentPostprocessing = 0;
		};
		163CEA801FE964640040A0FA /* Sources */ = {
			isa = PBXSourcesBuildPhase;
			buildActionMask = 2147483647;
			files = (
				163CEA891FE964640040A0FA /* PortfolioTests.swift in Sources */,
			);
			runOnlyForDeploymentPostprocessing = 0;
		};
		163CEA8B1FE964640040A0FA /* Sources */ = {
			isa = PBXSourcesBuildPhase;
			buildActionMask = 2147483647;
			files = (
				163CEA941FE964640040A0FA /* PortfolioUITests.swift in Sources */,
			);
			runOnlyForDeploymentPostprocessing = 0;
		};
/* End PBXSourcesBuildPhase section */

/* Begin PBXTargetDependency section */
		163CEA861FE964640040A0FA /* PBXTargetDependency */ = {
			isa = PBXTargetDependency;
			target = 163CEA6F1FE964640040A0FA /* Portfolio */;
			targetProxy = 163CEA851FE964640040A0FA /* PBXContainerItemProxy */;
		};
		163CEA911FE964640040A0FA /* PBXTargetDependency */ = {
			isa = PBXTargetDependency;
			target = 163CEA6F1FE964640040A0FA /* Portfolio */;
			targetProxy = 163CEA901FE964640040A0FA /* PBXContainerItemProxy */;
		};
/* End PBXTargetDependency section */

/* Begin PBXVariantGroup section */
		163CEA771FE964640040A0FA /* Main.storyboard */ = {
			isa = PBXVariantGroup;
			children = (
				163CEA781FE964640040A0FA /* Base */,
			);
			name = Main.storyboard;
			sourceTree = "<group>";
		};
		163CEA7C1FE964640040A0FA /* LaunchScreen.storyboard */ = {
			isa = PBXVariantGroup;
			children = (
				163CEA7D1FE964640040A0FA /* Base */,
			);
			name = LaunchScreen.storyboard;
			sourceTree = "<group>";
		};
		1678E9EF1FE96D9D00CBB5FF /* Vehicles.storyboard */ = {
			isa = PBXVariantGroup;
			children = (
				1678E9F01FE96D9D00CBB5FF /* Base */,
			);
			name = Vehicles.storyboard;
			sourceTree = "<group>";
		};
		1678EA081FE99A3E00CBB5FF /* Countries.storyboard */ = {
			isa = PBXVariantGroup;
			children = (
				1678EA091FE99A3E00CBB5FF /* Base */,
			);
			name = Countries.storyboard;
			sourceTree = "<group>";
		};
		1678EA1D1FE9BF7300CBB5FF /* HappyHalloween.storyboard */ = {
			isa = PBXVariantGroup;
			children = (
				1678EA1E1FE9BF7300CBB5FF /* Base */,
			);
			name = HappyHalloween.storyboard;
			sourceTree = "<group>";
		};
/* End PBXVariantGroup section */

/* Begin XCBuildConfiguration section */
		163CEA961FE964640040A0FA /* Debug */ = {
			isa = XCBuildConfiguration;
			buildSettings = {
				ALWAYS_SEARCH_USER_PATHS = NO;
				CLANG_ANALYZER_NONNULL = YES;
				CLANG_ANALYZER_NUMBER_OBJECT_CONVERSION = YES_AGGRESSIVE;
				CLANG_CXX_LANGUAGE_STANDARD = "gnu++14";
				CLANG_CXX_LIBRARY = "libc++";
				CLANG_ENABLE_MODULES = YES;
				CLANG_ENABLE_OBJC_ARC = YES;
				CLANG_WARN_BLOCK_CAPTURE_AUTORELEASING = YES;
				CLANG_WARN_BOOL_CONVERSION = YES;
				CLANG_WARN_COMMA = YES;
				CLANG_WARN_CONSTANT_CONVERSION = YES;
				CLANG_WARN_DIRECT_OBJC_ISA_USAGE = YES_ERROR;
				CLANG_WARN_DOCUMENTATION_COMMENTS = YES;
				CLANG_WARN_EMPTY_BODY = YES;
				CLANG_WARN_ENUM_CONVERSION = YES;
				CLANG_WARN_INFINITE_RECURSION = YES;
				CLANG_WARN_INT_CONVERSION = YES;
				CLANG_WARN_NON_LITERAL_NULL_CONVERSION = YES;
				CLANG_WARN_OBJC_LITERAL_CONVERSION = YES;
				CLANG_WARN_OBJC_ROOT_CLASS = YES_ERROR;
				CLANG_WARN_RANGE_LOOP_ANALYSIS = YES;
				CLANG_WARN_STRICT_PROTOTYPES = YES;
				CLANG_WARN_SUSPICIOUS_MOVE = YES;
				CLANG_WARN_UNGUARDED_AVAILABILITY = YES_AGGRESSIVE;
				CLANG_WARN_UNREACHABLE_CODE = YES;
				CLANG_WARN__DUPLICATE_METHOD_MATCH = YES;
				CODE_SIGN_IDENTITY = "iPhone Developer";
				COPY_PHASE_STRIP = NO;
				DEBUG_INFORMATION_FORMAT = dwarf;
				ENABLE_STRICT_OBJC_MSGSEND = YES;
				ENABLE_TESTABILITY = YES;
				GCC_C_LANGUAGE_STANDARD = gnu11;
				GCC_DYNAMIC_NO_PIC = NO;
				GCC_NO_COMMON_BLOCKS = YES;
				GCC_OPTIMIZATION_LEVEL = 0;
				GCC_PREPROCESSOR_DEFINITIONS = (
					"DEBUG=1",
					"$(inherited)",
				);
				GCC_WARN_64_TO_32_BIT_CONVERSION = YES;
				GCC_WARN_ABOUT_RETURN_TYPE = YES_ERROR;
				GCC_WARN_UNDECLARED_SELECTOR = YES;
				GCC_WARN_UNINITIALIZED_AUTOS = YES_AGGRESSIVE;
				GCC_WARN_UNUSED_FUNCTION = YES;
				GCC_WARN_UNUSED_VARIABLE = YES;
				IPHONEOS_DEPLOYMENT_TARGET = 11.2;
				MTL_ENABLE_DEBUG_INFO = YES;
				ONLY_ACTIVE_ARCH = YES;
				SDKROOT = iphoneos;
				SWIFT_ACTIVE_COMPILATION_CONDITIONS = DEBUG;
				SWIFT_OPTIMIZATION_LEVEL = "-Onone";
			};
			name = Debug;
		};
		163CEA971FE964640040A0FA /* Release */ = {
			isa = XCBuildConfiguration;
			buildSettings = {
				ALWAYS_SEARCH_USER_PATHS = NO;
				CLANG_ANALYZER_NONNULL = YES;
				CLANG_ANALYZER_NUMBER_OBJECT_CONVERSION = YES_AGGRESSIVE;
				CLANG_CXX_LANGUAGE_STANDARD = "gnu++14";
				CLANG_CXX_LIBRARY = "libc++";
				CLANG_ENABLE_MODULES = YES;
				CLANG_ENABLE_OBJC_ARC = YES;
				CLANG_WARN_BLOCK_CAPTURE_AUTORELEASING = YES;
				CLANG_WARN_BOOL_CONVERSION = YES;
				CLANG_WARN_COMMA = YES;
				CLANG_WARN_CONSTANT_CONVERSION = YES;
				CLANG_WARN_DIRECT_OBJC_ISA_USAGE = YES_ERROR;
				CLANG_WARN_DOCUMENTATION_COMMENTS = YES;
				CLANG_WARN_EMPTY_BODY = YES;
				CLANG_WARN_ENUM_CONVERSION = YES;
				CLANG_WARN_INFINITE_RECURSION = YES;
				CLANG_WARN_INT_CONVERSION = YES;
				CLANG_WARN_NON_LITERAL_NULL_CONVERSION = YES;
				CLANG_WARN_OBJC_LITERAL_CONVERSION = YES;
				CLANG_WARN_OBJC_ROOT_CLASS = YES_ERROR;
				CLANG_WARN_RANGE_LOOP_ANALYSIS = YES;
				CLANG_WARN_STRICT_PROTOTYPES = YES;
				CLANG_WARN_SUSPICIOUS_MOVE = YES;
				CLANG_WARN_UNGUARDED_AVAILABILITY = YES_AGGRESSIVE;
				CLANG_WARN_UNREACHABLE_CODE = YES;
				CLANG_WARN__DUPLICATE_METHOD_MATCH = YES;
				CODE_SIGN_IDENTITY = "iPhone Developer";
				COPY_PHASE_STRIP = NO;
				DEBUG_INFORMATION_FORMAT = "dwarf-with-dsym";
				ENABLE_NS_ASSERTIONS = NO;
				ENABLE_STRICT_OBJC_MSGSEND = YES;
				GCC_C_LANGUAGE_STANDARD = gnu11;
				GCC_NO_COMMON_BLOCKS = YES;
				GCC_WARN_64_TO_32_BIT_CONVERSION = YES;
				GCC_WARN_ABOUT_RETURN_TYPE = YES_ERROR;
				GCC_WARN_UNDECLARED_SELECTOR = YES;
				GCC_WARN_UNINITIALIZED_AUTOS = YES_AGGRESSIVE;
				GCC_WARN_UNUSED_FUNCTION = YES;
				GCC_WARN_UNUSED_VARIABLE = YES;
				IPHONEOS_DEPLOYMENT_TARGET = 11.2;
				MTL_ENABLE_DEBUG_INFO = NO;
				SDKROOT = iphoneos;
				SWIFT_OPTIMIZATION_LEVEL = "-Owholemodule";
				VALIDATE_PRODUCT = YES;
			};
			name = Release;
		};
		163CEA991FE964640040A0FA /* Debug */ = {
			isa = XCBuildConfiguration;
			buildSettings = {
				ASSETCATALOG_COMPILER_APPICON_NAME = AppIcon;
				CODE_SIGN_STYLE = Automatic;
				DEVELOPMENT_TEAM = LGFP7F348Q;
				INFOPLIST_FILE = Portfolio/Info.plist;
				LD_RUNPATH_SEARCH_PATHS = "$(inherited) @executable_path/Frameworks";
				PRODUCT_BUNDLE_IDENTIFIER = ant.Portfolio;
				PRODUCT_NAME = "$(TARGET_NAME)";
				SWIFT_VERSION = 4.0;
				TARGETED_DEVICE_FAMILY = "1,2";
			};
			name = Debug;
		};
		163CEA9A1FE964640040A0FA /* Release */ = {
			isa = XCBuildConfiguration;
			buildSettings = {
				ASSETCATALOG_COMPILER_APPICON_NAME = AppIcon;
				CODE_SIGN_STYLE = Automatic;
				DEVELOPMENT_TEAM = LGFP7F348Q;
				INFOPLIST_FILE = Portfolio/Info.plist;
				LD_RUNPATH_SEARCH_PATHS = "$(inherited) @executable_path/Frameworks";
				PRODUCT_BUNDLE_IDENTIFIER = ant.Portfolio;
				PRODUCT_NAME = "$(TARGET_NAME)";
				SWIFT_VERSION = 4.0;
				TARGETED_DEVICE_FAMILY = "1,2";
			};
			name = Release;
		};
		163CEA9C1FE964640040A0FA /* Debug */ = {
			isa = XCBuildConfiguration;
			buildSettings = {
				ALWAYS_EMBED_SWIFT_STANDARD_LIBRARIES = YES;
				BUNDLE_LOADER = "$(TEST_HOST)";
				CODE_SIGN_STYLE = Automatic;
				DEVELOPMENT_TEAM = LGFP7F348Q;
				INFOPLIST_FILE = PortfolioTests/Info.plist;
				LD_RUNPATH_SEARCH_PATHS = "$(inherited) @executable_path/Frameworks @loader_path/Frameworks";
				PRODUCT_BUNDLE_IDENTIFIER = ant.PortfolioTests;
				PRODUCT_NAME = "$(TARGET_NAME)";
				SWIFT_VERSION = 4.0;
				TARGETED_DEVICE_FAMILY = "1,2";
				TEST_HOST = "$(BUILT_PRODUCTS_DIR)/Portfolio.app/Portfolio";
			};
			name = Debug;
		};
		163CEA9D1FE964640040A0FA /* Release */ = {
			isa = XCBuildConfiguration;
			buildSettings = {
				ALWAYS_EMBED_SWIFT_STANDARD_LIBRARIES = YES;
				BUNDLE_LOADER = "$(TEST_HOST)";
				CODE_SIGN_STYLE = Automatic;
				DEVELOPMENT_TEAM = LGFP7F348Q;
				INFOPLIST_FILE = PortfolioTests/Info.plist;
				LD_RUNPATH_SEARCH_PATHS = "$(inherited) @executable_path/Frameworks @loader_path/Frameworks";
				PRODUCT_BUNDLE_IDENTIFIER = ant.PortfolioTests;
				PRODUCT_NAME = "$(TARGET_NAME)";
				SWIFT_VERSION = 4.0;
				TARGETED_DEVICE_FAMILY = "1,2";
				TEST_HOST = "$(BUILT_PRODUCTS_DIR)/Portfolio.app/Portfolio";
			};
			name = Release;
		};
		163CEA9F1FE964640040A0FA /* Debug */ = {
			isa = XCBuildConfiguration;
			buildSettings = {
				ALWAYS_EMBED_SWIFT_STANDARD_LIBRARIES = YES;
				CODE_SIGN_STYLE = Automatic;
				DEVELOPMENT_TEAM = LGFP7F348Q;
				INFOPLIST_FILE = PortfolioUITests/Info.plist;
				LD_RUNPATH_SEARCH_PATHS = "$(inherited) @executable_path/Frameworks @loader_path/Frameworks";
				PRODUCT_BUNDLE_IDENTIFIER = ant.PortfolioUITests;
				PRODUCT_NAME = "$(TARGET_NAME)";
				SWIFT_VERSION = 4.0;
				TARGETED_DEVICE_FAMILY = "1,2";
				TEST_TARGET_NAME = Portfolio;
			};
			name = Debug;
		};
		163CEAA01FE964640040A0FA /* Release */ = {
			isa = XCBuildConfiguration;
			buildSettings = {
				ALWAYS_EMBED_SWIFT_STANDARD_LIBRARIES = YES;
				CODE_SIGN_STYLE = Automatic;
				DEVELOPMENT_TEAM = LGFP7F348Q;
				INFOPLIST_FILE = PortfolioUITests/Info.plist;
				LD_RUNPATH_SEARCH_PATHS = "$(inherited) @executable_path/Frameworks @loader_path/Frameworks";
				PRODUCT_BUNDLE_IDENTIFIER = ant.PortfolioUITests;
				PRODUCT_NAME = "$(TARGET_NAME)";
				SWIFT_VERSION = 4.0;
				TARGETED_DEVICE_FAMILY = "1,2";
				TEST_TARGET_NAME = Portfolio;
			};
			name = Release;
		};
/* End XCBuildConfiguration section */

/* Begin XCConfigurationList section */
		163CEA6B1FE964640040A0FA /* Build configuration list for PBXProject "Portfolio" */ = {
			isa = XCConfigurationList;
			buildConfigurations = (
				163CEA961FE964640040A0FA /* Debug */,
				163CEA971FE964640040A0FA /* Release */,
			);
			defaultConfigurationIsVisible = 0;
			defaultConfigurationName = Release;
		};
		163CEA981FE964640040A0FA /* Build configuration list for PBXNativeTarget "Portfolio" */ = {
			isa = XCConfigurationList;
			buildConfigurations = (
				163CEA991FE964640040A0FA /* Debug */,
				163CEA9A1FE964640040A0FA /* Release */,
			);
			defaultConfigurationIsVisible = 0;
			defaultConfigurationName = Release;
		};
		163CEA9B1FE964640040A0FA /* Build configuration list for PBXNativeTarget "PortfolioTests" */ = {
			isa = XCConfigurationList;
			buildConfigurations = (
				163CEA9C1FE964640040A0FA /* Debug */,
				163CEA9D1FE964640040A0FA /* Release */,
			);
			defaultConfigurationIsVisible = 0;
			defaultConfigurationName = Release;
		};
		163CEA9E1FE964640040A0FA /* Build configuration list for PBXNativeTarget "PortfolioUITests" */ = {
			isa = XCConfigurationList;
			buildConfigurations = (
				163CEA9F1FE964640040A0FA /* Debug */,
				163CEAA01FE964640040A0FA /* Release */,
			);
			defaultConfigurationIsVisible = 0;
			defaultConfigurationName = Release;
		};
/* End XCConfigurationList section */
	};
	rootObject = 163CEA681FE964640040A0FA /* Project object */;
}
